
Microsoft Visual Studio Solution File, Format Version 12.00
# Visual Studio Version 17
VisualStudioVersion = 17.10.35122.118
MinimumVisualStudioVersion = 10.0.40219.1
Project("{FAE04EC0-301F-11D3-BF4B-00C04F79EFBC}") = "Method_Overloading", "Method_Overloading\Method_Overloading.csproj", "{FF44118A-393F-4675-926B-3FCB0F566D3B}"
EndProject
Global
	GlobalSection(SolutionConfigurationPlatforms) = preSolution
		Debug|Any CPU = Debug|Any CPU
		Release|Any CPU = Release|Any CPU
	EndGlobalSection
	GlobalSection(ProjectConfigurationPlatforms) = postSolution
		{FF44118A-393F-4675-926B-3FCB0F566D3B}.Debug|Any CPU.ActiveCfg = Debug|Any CPU
		{FF44118A-393F-4675-926B-3FCB0F566D3B}.Debug|Any CPU.Build.0 = Debug|Any CPU
		{FF44118A-393F-4675-926B-3FCB0F566D3B}.Release|Any CPU.ActiveCfg = Release|Any CPU
		{FF44118A-393F-4675-926B-3FCB0F566D3B}.Release|Any CPU.Build.0 = Release|Any CPU
	EndGlobalSection
	GlobalSection(SolutionProperties) = preSolution
		HideSolutionNode = FALSE
	EndGlobalSection
	GlobalSection(ExtensibilityGlobals) = postSolution
		SolutionGuid = {B311DBC6-EACF-44A1-963E-3AB9B2F8A723}
	EndGlobalSection
EndGlobal
